
Microsoft Visual Studio Solution File, Format Version 12.00
# Visual Studio Version 17
VisualStudioVersion = 17.8.34322.80
MinimumVisualStudioVersion = 10.0.40219.1
Project("{9A19103F-16F7-4668-BE54-9A1E7A4F7556}") = "Welverdiend7", "Welverdiend7.csproj", "{368C20DA-4881-46AA-828D-DC947818BD9D}"
EndProject
Global
	GlobalSection(SolutionConfigurationPlatforms) = preSolution
		Debug|Any CPU = Debug|Any CPU
		Release|Any CPU = Release|Any CPU
	EndGlobalSection
	GlobalSection(ProjectConfigurationPlatforms) = postSolution
		{368C20DA-4881-46AA-828D-DC947818BD9D}.Debug|Any CPU.ActiveCfg = Debug|Any CPU
		{368C20DA-4881-46AA-828D-DC947818BD9D}.Debug|Any CPU.Build.0 = Debug|Any CPU
		{368C20DA-4881-46AA-828D-DC947818BD9D}.Debug|Any CPU.Deploy.0 = Debug|Any CPU
		{368C20DA-4881-46AA-828D-DC947818BD9D}.Release|Any CPU.ActiveCfg = Release|Any CPU
		{368C20DA-4881-46AA-828D-DC947818BD9D}.Release|Any CPU.Build.0 = Release|Any CPU
		{368C20DA-4881-46AA-828D-DC947818BD9D}.Release|Any CPU.Deploy.0 = Release|Any CPU
	EndGlobalSection
	GlobalSection(SolutionProperties) = preSolution
		HideSolutionNode = FALSE
	EndGlobalSection
	GlobalSection(ExtensibilityGlobals) = postSolution
		SolutionGuid = {9A57F67E-857F-498B-9F09-12E130D0A4F8}
	EndGlobalSection
	GlobalSection(SharedMSBuildProjectFiles) = preSolution
		..\WelverdiendUpdate2024\Wel.Data\Wel.Data.projitems*{368c20da-4881-46aa-828d-dc947818bd9d}*SharedItemsImports = 5
		..\WelverdiendUpdate2024\Wel.Services\Wel.Services.projitems*{368c20da-4881-46aa-828d-dc947818bd9d}*SharedItemsImports = 5
		..\WelverdiendUpdate2024\Wel.Sharedlibrary\Wel.Sharedlibrary.projitems*{368c20da-4881-46aa-828d-dc947818bd9d}*SharedItemsImports = 5
		..\WelverdiendUpdate2024\Wel.Utils\Wel.Utils.projitems*{368c20da-4881-46aa-828d-dc947818bd9d}*SharedItemsImports = 5
	EndGlobalSection
EndGlobal
